github.com/Rendydinar/go-say-hello v1.0.0 h1:IIPUhM1JHk05v+fK7bQlJax/cnrcsan7cdYbrIUEWOI=
github.com/Rendydinar/go-say-hello v1.0.0/go.mod h1:ec3QE2GWAbwbFaM8prdn4QrD4aX5UZFl+tOzXQoFpTw=
github.com/Rendydinar/go-say-hello v1.5.0 h1:bu1vcJ2hYq+dxVr9W/T9tV0rG6Bunr1pTY1LiFE1Ylk=
github.com/Rendydinar/go-say-hello v1.5.0/go.mod h1:ec3QE2GWAbwbFaM8prdn4QrD4aX5UZFl+tOzXQoFpTw=
github.com/Rendydinar/go-say-hello/v2 v2.0.0 h1:VkHUw+2MAFobcj6y2Gdgym1oiMcyXT/I3d2fQ/1wMtY=
github.com/Rendydinar/go-say-hello/v2 v2.0.0/go.mod h1:eZd0cMWQpboycZpHblF+0IIJqKTrPMtjrcY/RmKu8Pc=
